
Microsoft Visual Studio Solution File, Format Version 12.00
# Visual Studio 15
VisualStudioVersion = 15.0.28307.572
MinimumVisualStudioVersion = 10.0.40219.1
Project("{9A19103F-16F7-4668-BE54-9A1E7A4F7556}") = "MuncipalityTaxCalculationService", "MuncipalityTaxCalculationService\MuncipalityTaxCalculationService.csproj", "{ABCBE71F-C418-4ECF-9819-B0EB127C45D0}"
EndProject
Project("{9A19103F-16F7-4668-BE54-9A1E7A4F7556}") = "TaxCalculationTestInterface", "TaxCalculationTestInterface\TaxCalculationTestInterface.csproj", "{6C26FE16-BA36-4159-BE3B-29CADC8A6787}"
EndProject
Project("{2150E333-8FDC-42A3-9474-1A3956D46DE8}") = "MunicipalityTaxCalculation", "MunicipalityTaxCalculation", "{49F075A4-8EF9-4E8C-A365-7A6330D1D7B3}"
EndProject
Global
	GlobalSection(SolutionConfigurationPlatforms) = preSolution
		Debug|Any CPU = Debug|Any CPU
		Release|Any CPU = Release|Any CPU
	EndGlobalSection
	GlobalSection(ProjectConfigurationPlatforms) = postSolution
		{ABCBE71F-C418-4ECF-9819-B0EB127C45D0}.Debug|Any CPU.ActiveCfg = Debug|Any CPU
		{ABCBE71F-C418-4ECF-9819-B0EB127C45D0}.Debug|Any CPU.Build.0 = Debug|Any CPU
		{ABCBE71F-C418-4ECF-9819-B0EB127C45D0}.Release|Any CPU.ActiveCfg = Release|Any CPU
		{ABCBE71F-C418-4ECF-9819-B0EB127C45D0}.Release|Any CPU.Build.0 = Release|Any CPU
		{6C26FE16-BA36-4159-BE3B-29CADC8A6787}.Debug|Any CPU.ActiveCfg = Debug|Any CPU
		{6C26FE16-BA36-4159-BE3B-29CADC8A6787}.Debug|Any CPU.Build.0 = Debug|Any CPU
		{6C26FE16-BA36-4159-BE3B-29CADC8A6787}.Release|Any CPU.ActiveCfg = Release|Any CPU
		{6C26FE16-BA36-4159-BE3B-29CADC8A6787}.Release|Any CPU.Build.0 = Release|Any CPU
	EndGlobalSection
	GlobalSection(SolutionProperties) = preSolution
		HideSolutionNode = FALSE
	EndGlobalSection
	GlobalSection(NestedProjects) = preSolution
		{ABCBE71F-C418-4ECF-9819-B0EB127C45D0} = {49F075A4-8EF9-4E8C-A365-7A6330D1D7B3}
		{6C26FE16-BA36-4159-BE3B-29CADC8A6787} = {49F075A4-8EF9-4E8C-A365-7A6330D1D7B3}
	EndGlobalSection
	GlobalSection(ExtensibilityGlobals) = postSolution
		SolutionGuid = {8958B1BF-0D8A-47C6-8A01-A1529B7DAF22}
	EndGlobalSection
EndGlobal
